{
  "lockfileVersion": 1,
  "configVersion": 1,
  "workspaces": {
    "": {
      "name": "scry-og",
      "dependencies": {
        "@resvg/resvg-js": "^2.6.0",
        "@thurinlabs/identity-kit": "^1.0.4",
        "hono": "^4.0.0",
        "satori": "^0.12.0",
        "viem": "^2.21.0",
      },
    },
  },
  "packages": {
    "@adraffy/ens-normalize": ["@adraffy/ens-normalize@1.11.1", "", {}, "sha512-nhCBV3quEgesuf7c7KYfperqSS14T8bYuvJ8PcLJp6znkZpFc0AuW4qBtr8eKVyPPe/8RSr7sglCWPU5eaxwKQ=="],

    "@noble/ciphers": ["@noble/ciphers@1.3.0", "", {}, "sha512-2I0gnIVPtfnMw9ee9h1dJG7tp81+8Ob3OJb3Mv37rx5L40/b0i7djjCVvGOVqc9AEIQyvyu1i6ypKdFw8R8gQw=="],

    "@noble/curves": ["@noble/curves@1.9.1", "", { "dependencies": { "@noble/hashes": "1.8.0" } }, "sha512-k11yZxZg+t+gWvBbIswW0yoJlu8cHOC7dhunwOzoWH/mXGBiYyR4YY6hAEK/3EUs4UpB8la1RfdRpeGsFHkWsA=="],

    "@noble/hashes": ["@noble/hashes@1.8.0", "", {}, "sha512-jCs9ldd7NwzpgXDIf6P3+NrHh9/sD6CQdxHyjQI+h/6rDNo88ypBxxz45UDuZHz9r3tNz7N/VInSVoVdtXEI4A=="],

    "@resvg/resvg-js": ["@resvg/resvg-js@2.6.2", "", { "optionalDependencies": { "@resvg/resvg-js-android-arm-eabi": "2.6.2", "@resvg/resvg-js-android-arm64": "2.6.2", "@resvg/resvg-js-darwin-arm64": "2.6.2", "@resvg/resvg-js-darwin-x64": "2.6.2", "@resvg/resvg-js-linux-arm-gnueabihf": "2.6.2", "@resvg/resvg-js-linux-arm64-gnu": "2.6.2", "@resvg/resvg-js-linux-arm64-musl": "2.6.2", "@resvg/resvg-js-linux-x64-gnu": "2.6.2", "@resvg/resvg-js-linux-x64-musl": "2.6.2", "@resvg/resvg-js-win32-arm64-msvc": "2.6.2", "@resvg/resvg-js-win32-ia32-msvc": "2.6.2", "@resvg/resvg-js-win32-x64-msvc": "2.6.2" } }, "sha512-xBaJish5OeGmniDj9cW5PRa/PtmuVU3ziqrbr5xJj901ZDN4TosrVaNZpEiLZAxdfnhAe7uQ7QFWfjPe9d9K2Q=="],

    "@resvg/resvg-js-android-arm-eabi": ["@resvg/resvg-js-android-arm-eabi@2.6.2", "", { "os": "android", "cpu": "arm" }, "sha512-FrJibrAk6v29eabIPgcTUMPXiEz8ssrAk7TXxsiZzww9UTQ1Z5KAbFJs+Z0Ez+VZTYgnE5IQJqBcoSiMebtPHA=="],

    "@resvg/resvg-js-android-arm64": ["@resvg/resvg-js-android-arm64@2.6.2", "", { "os": "android", "cpu": "arm64" }, "sha512-VcOKezEhm2VqzXpcIJoITuvUS/fcjIw5NA/w3tjzWyzmvoCdd+QXIqy3FBGulWdClvp4g+IfUemigrkLThSjAQ=="],

    "@resvg/resvg-js-darwin-arm64": ["@resvg/resvg-js-darwin-arm64@2.6.2", "", { "os": "darwin", "cpu": "arm64" }, "sha512-nmok2LnAd6nLUKI16aEB9ydMC6Lidiiq2m1nEBDR1LaaP7FGs4AJ90qDraxX+CWlVuRlvNjyYJTNv8qFjtL9+A=="],

    "@resvg/resvg-js-darwin-x64": ["@resvg/resvg-js-darwin-x64@2.6.2", "", { "os": "darwin", "cpu": "x64" }, "sha512-GInyZLjgWDfsVT6+SHxQVRwNzV0AuA1uqGsOAW+0th56J7Nh6bHHKXHBWzUrihxMetcFDmQMAX1tZ1fZDYSRsw=="],

    "@resvg/resvg-js-linux-arm-gnueabihf": ["@resvg/resvg-js-linux-arm-gnueabihf@2.6.2", "", { "os": "linux", "cpu": "arm" }, "sha512-YIV3u/R9zJbpqTTNwTZM5/ocWetDKGsro0SWp70eGEM9eV2MerWyBRZnQIgzU3YBnSBQ1RcxRZvY/UxwESfZIw=="],

    "@resvg/resvg-js-linux-arm64-gnu": ["@resvg/resvg-js-linux-arm64-gnu@2.6.2", "", { "os": "linux", "cpu": "arm64" }, "sha512-zc2BlJSim7YR4FZDQ8OUoJg5holYzdiYMeobb9pJuGDidGL9KZUv7SbiD4E8oZogtYY42UZEap7dqkkYuA91pg=="],

    "@resvg/resvg-js-linux-arm64-musl": ["@resvg/resvg-js-linux-arm64-musl@2.6.2", "", { "os": "linux", "cpu": "arm64" }, "sha512-3h3dLPWNgSsD4lQBJPb4f+kvdOSJHa5PjTYVsWHxLUzH4IFTJUAnmuWpw4KqyQ3NA5QCyhw4TWgxk3jRkQxEKg=="],

    "@resvg/resvg-js-linux-x64-gnu": ["@resvg/resvg-js-linux-x64-gnu@2.6.2", "", { "os": "linux", "cpu": "x64" }, "sha512-IVUe+ckIerA7xMZ50duAZzwf1U7khQe2E0QpUxu5MBJNao5RqC0zwV/Zm965vw6D3gGFUl7j4m+oJjubBVoftw=="],

    "@resvg/resvg-js-linux-x64-musl": ["@resvg/resvg-js-linux-x64-musl@2.6.2", "", { "os": "linux", "cpu": "x64" }, "sha512-UOf83vqTzoYQO9SZ0fPl2ZIFtNIz/Rr/y+7X8XRX1ZnBYsQ/tTb+cj9TE+KHOdmlTFBxhYzVkP2lRByCzqi4jQ=="],

    "@resvg/resvg-js-win32-arm64-msvc": ["@resvg/resvg-js-win32-arm64-msvc@2.6.2", "", { "os": "win32", "cpu": "arm64" }, "sha512-7C/RSgCa+7vqZ7qAbItfiaAWhyRSoD4l4BQAbVDqRRsRgY+S+hgS3in0Rxr7IorKUpGE69X48q6/nOAuTJQxeQ=="],

    "@resvg/resvg-js-win32-ia32-msvc": ["@resvg/resvg-js-win32-ia32-msvc@2.6.2", "", { "os": "win32", "cpu": "ia32" }, "sha512-har4aPAlvjnLcil40AC77YDIk6loMawuJwFINEM7n0pZviwMkMvjb2W5ZirsNOZY4aDbo5tLx0wNMREp5Brk+w=="],

    "@resvg/resvg-js-win32-x64-msvc": ["@resvg/resvg-js-win32-x64-msvc@2.6.2", "", { "os": "win32", "cpu": "x64" }, "sha512-ZXtYhtUr5SSaBrUDq7DiyjOFJqBVL/dOBN7N/qmi/pO0IgiWW/f/ue3nbvu9joWE5aAKDoIzy/CxsY0suwGosQ=="],

    "@scure/base": ["@scure/base@1.2.6", "", {}, "sha512-g/nm5FgUa//MCj1gV09zTJTaM6KBAHqLN907YVQqf7zC49+DcO4B1so4ZX07Ef10Twr6nuqYEH9GEggFXA4Fmg=="],

    "@scure/bip32": ["@scure/bip32@1.7.0", "", { "dependencies": { "@noble/curves": "~1.9.0", "@noble/hashes": "~1.8.0", "@scure/base": "~1.2.5" } }, "sha512-E4FFX/N3f4B80AKWp5dP6ow+flD1LQZo/w8UnLGYZO674jS6YnYeepycOOksv+vLPSpgN35wgKgy+ybfTb2SMw=="],

    "@scure/bip39": ["@scure/bip39@1.6.0", "", { "dependencies": { "@noble/hashes": "~1.8.0", "@scure/base": "~1.2.5" } }, "sha512-+lF0BbLiJNwVlev4eKelw1WWLaiKXw7sSl8T6FvBlWkdX+94aGJ4o8XjUdlyhTCjd8c+B3KT3JfS8P0bLRNU6A=="],

    "@shuding/opentype.js": ["@shuding/opentype.js@1.4.0-beta.0", "", { "dependencies": { "fflate": "^0.7.3", "string.prototype.codepointat": "^0.2.1" }, "bin": { "ot": "bin/ot" } }, "sha512-3NgmNyH3l/Hv6EvsWJbsvpcpUba6R8IREQ83nH83cyakCw7uM1arZKNfHwv1Wz6jgqrF/j4x5ELvR6PnK9nTcA=="],

    "@tanstack/query-core": ["@tanstack/query-core@5.99.0", "", {}, "sha512-3Jv3WQG0BCcH7G+7lf/bP8QyBfJOXeY+T08Rin3GZ1bshvwlbPt7NrDHMEzGdKIOmOzvIQmxjk28YEQX60k7pQ=="],

    "@tanstack/react-query": ["@tanstack/react-query@5.99.0", "", { "dependencies": { "@tanstack/query-core": "5.99.0" }, "peerDependencies": { "react": "^18 || ^19" } }, "sha512-OY2bCqPemT1LlqJ8Y2CUau4KELnIhhG9Ol3ZndPbdnB095pRbPo1cHuXTndg8iIwtoHTgwZjyaDnQ0xD0mYwAw=="],

    "@thurinlabs/identity-kit": ["@thurinlabs/identity-kit@1.0.4", "", { "dependencies": { "eckey-utils": "^0.7.14", "openpgp": "^6.3.0" }, "peerDependencies": { "@tanstack/react-query": ">=5", "react": ">=18", "react-dom": ">=18", "viem": ">=2", "wagmi": ">=2" } }, "sha512-iqaZaNGXX/ZqT2ZVb73znMeDSeM5Tho+HLUrwnWsS+PVWN/1E/hQu8zH5BlGkP64domYQsKGg+FQXfJ3cSeqlA=="],

    "@wagmi/connectors": ["@wagmi/connectors@8.0.2", "", { "peerDependencies": { "@base-org/account": "^2.5.1", "@coinbase/wallet-sdk": "^4.3.6", "@metamask/connect-evm": "~0.9.0", "@safe-global/safe-apps-provider": "~0.18.6", "@safe-global/safe-apps-sdk": "^9.1.0", "@wagmi/core": "3.4.3", "@walletconnect/ethereum-provider": "^2.21.1", "accounts": "0.6.7", "porto": "~0.2.35", "typescript": ">=5.7.3", "viem": "2.x" }, "optionalPeers": ["@base-org/account", "@coinbase/wallet-sdk", "@metamask/connect-evm", "@safe-global/safe-apps-provider", "@safe-global/safe-apps-sdk", "@walletconnect/ethereum-provider", "accounts", "porto", "typescript"] }, "sha512-ckPlMz6090T359nTxzlkFuXRec1mvOTZAzzSQHmWbc+FM1znOb1S9V7QRRRsrO3diCEbgxtw7GUNNvWQkej4/Q=="],

    "@wagmi/core": ["@wagmi/core@3.4.3", "", { "dependencies": { "eventemitter3": "5.0.1", "mipd": "0.0.7", "zustand": "5.0.0" }, "peerDependencies": { "@tanstack/query-core": ">=5.0.0", "accounts": "0.6.7", "ox": ">=0.11.1", "typescript": ">=5.7.3", "viem": "2.x" }, "optionalPeers": ["@tanstack/query-core", "accounts", "ox", "typescript"] }, "sha512-VM6WEY6YaWLpW6XA4ATORBV5UkYuVTD/OmF0AgfOWfZPG981UsdKPr9T0+LuMFsRM9JKIT4vQtrz2mSuJPIlUw=="],

    "abitype": ["abitype@1.2.3", "", { "peerDependencies": { "typescript": ">=5.0.4", "zod": "^3.22.0 || ^4.0.0" }, "optionalPeers": ["typescript", "zod"] }, "sha512-Ofer5QUnuUdTFsBRwARMoWKOH1ND5ehwYhJ3OJ/BQO+StkwQjHw0XyVh4vDttzHB7QOFhPHa/o413PJ82gU/Tg=="],

    "base64-js": ["base64-js@0.0.8", "", {}, "sha512-3XSA2cR/h/73EzlXXdU6YNycmYI7+kicTxks4eJg2g39biHR84slg2+des+p7iHYhbRg/udIS4TD53WabcOUkw=="],

    "camelize": ["camelize@1.0.1", "", {}, "sha512-dU+Tx2fsypxTgtLoE36npi3UqcjSSMNYfkqgmoEhtZrraP5VWq0K7FkWVTYa8eMPtnU/G2txVsfdCJTn9uzpuQ=="],

    "color-name": ["color-name@1.1.4", "", {}, "sha512-dOy+3AuW3a2wNbZHIuMZpTcgjGuLU/uBL/ubcZF9OXbDo8ff4O8yVp5Bf0efS8uEoYo5q4Fx7dY9OgQGXgAsQA=="],

    "css-background-parser": ["css-background-parser@0.1.0", "", {}, "sha512-2EZLisiZQ+7m4wwur/qiYJRniHX4K5Tc9w93MT3AS0WS1u5kaZ4FKXlOTBhOjc+CgEgPiGY+fX1yWD8UwpEqUA=="],

    "css-box-shadow": ["css-box-shadow@1.0.0-3", "", {}, "sha512-9jaqR6e7Ohds+aWwmhe6wILJ99xYQbfmK9QQB9CcMjDbTxPZjwEmUQpU91OG05Xgm8BahT5fW+svbsQGjS/zPg=="],

    "css-color-keywords": ["css-color-keywords@1.0.0", "", {}, "sha512-FyyrDHZKEjXDpNJYvVsV960FiqQyXc/LlYmsxl2BcdMb2WPx0OGRVgTg55rPSyLSNMqP52R9r8geSp7apN3Ofg=="],

    "css-gradient-parser": ["css-gradient-parser@0.0.16", "", {}, "sha512-3O5QdqgFRUbXvK1x5INf1YkBz1UKSWqrd63vWsum8MNHDBYD5urm3QtxZbKU259OrEXNM26lP/MPY3d1IGkBgA=="],

    "css-to-react-native": ["css-to-react-native@3.2.0", "", { "dependencies": { "camelize": "^1.0.0", "css-color-keywords": "^1.0.0", "postcss-value-parser": "^4.0.2" } }, "sha512-e8RKaLXMOFii+02mOlqwjbD00KSEKqblnpO9e++1aXS1fPQOpS1YoqdVHBqPjHNoxeF2mimzVqawm2KCbEdtHQ=="],

    "eckey-utils": ["eckey-utils@0.7.14", "", {}, "sha512-s/mENS+mMnJjDSydy0muBQQHMTWJ1nPe8EiphANZrf+lv/1u35aP9WvWHTWqCBJ21blNIurGF7UoLjtaOpoCFw=="],

    "emoji-regex": ["emoji-regex@10.6.0", "", {}, "sha512-toUI84YS5YmxW219erniWD0CIVOo46xGKColeNQRgOzDorgBi1v4D71/OFzgD9GO2UGKIv1C3Sp8DAn0+j5w7A=="],

    "escape-html": ["escape-html@1.0.3", "", {}, "sha512-NiSupZ4OeuGwr68lGIeym/ksIZMJodUGOSCZ/FSnTxcrekbvqrgdUxlJOMpijaKZVjAJrWrGs/6Jy8OMuyj9ow=="],

    "eventemitter3": ["eventemitter3@5.0.1", "", {}, "sha512-GWkBvjiSZK87ELrYOSESUYeVIc9mvLLf/nXalMOS5dYrgZq9o5OVkbZAVM06CVxYsCwH9BDZFPlQTlPA1j4ahA=="],

    "fflate": ["fflate@0.7.4", "", {}, "sha512-5u2V/CDW15QM1XbbgS+0DfPxVB+jUKhWEKuuFuHncbk3tEEqzmoXL+2KyOFuKGqOnmdIy0/davWF1CkuwtibCw=="],

    "hex-rgb": ["hex-rgb@4.3.0", "", {}, "sha512-Ox1pJVrDCyGHMG9CFg1tmrRUMRPRsAWYc/PinY0XzJU4K7y7vjNoLKIQ7BR5UJMCxNN8EM1MNDmHWA/B3aZUuw=="],

    "hono": ["hono@4.12.14", "", {}, "sha512-am5zfg3yu6sqn5yjKBNqhnTX7Cv+m00ox+7jbaKkrLMRJ4rAdldd1xPd/JzbBWspqaQv6RSTrgFN95EsfhC+7w=="],

    "isows": ["isows@1.0.7", "", { "peerDependencies": { "ws": "*" } }, "sha512-I1fSfDCZL5P0v33sVqeTDSpcstAg/N+wF5HS033mogOVIp4B+oHC7oOCsA3axAbBSGTJ8QubbNmnIRN/h8U7hg=="],

    "linebreak": ["linebreak@1.1.0", "", { "dependencies": { "base64-js": "0.0.8", "unicode-trie": "^2.0.0" } }, "sha512-MHp03UImeVhB7XZtjd0E4n6+3xr5Dq/9xI/5FptGk5FrbDR3zagPa2DS6U8ks/3HjbKWG9Q1M2ufOzxV2qLYSQ=="],

    "mipd": ["mipd@0.0.7", "", { "peerDependencies": { "typescript": ">=5.0.4" }, "optionalPeers": ["typescript"] }, "sha512-aAPZPNDQ3uMTdKbuO2YmAw2TxLHO0moa4YKAyETM/DTj5FloZo+a+8tU+iv4GmW+sOxKLSRwcSFuczk+Cpt6fg=="],

    "openpgp": ["openpgp@6.3.0", "", {}, "sha512-pLzCU8IgyKXPSO11eeharQkQ4GzOKNWhXq79pQarIRZEMt1/ssyr+MIuWBv1mNoenJLg04gvPx+fi4gcKZ4bag=="],

    "ox": ["ox@0.14.17", "", { "dependencies": { "@adraffy/ens-normalize": "^1.11.0", "@noble/ciphers": "^1.3.0", "@noble/curves": "1.9.1", "@noble/hashes": "^1.8.0", "@scure/bip32": "^1.7.0", "@scure/bip39": "^1.6.0", "abitype": "^1.2.3", "eventemitter3": "5.0.1" }, "peerDependencies": { "typescript": ">=5.4.0" }, "optionalPeers": ["typescript"] }, "sha512-jOzNb2Wlfzsr8z/GoCtd1bf6OSRuWuysvbhnHGD+7fV1WRbcBR6B0RYoe3xWnUedF7zp4l5APmS7CzAhUok/lA=="],

    "pako": ["pako@0.2.9", "", {}, "sha512-NUcwaKxUxWrZLpDG+z/xZaCgQITkA/Dv4V/T6bw7VON6l1Xz/VnrBqrYjZQ12TamKHzITTfOEIYUj48y2KXImA=="],

    "parse-css-color": ["parse-css-color@0.2.1", "", { "dependencies": { "color-name": "^1.1.4", "hex-rgb": "^4.1.0" } }, "sha512-bwS/GGIFV3b6KS4uwpzCFj4w297Yl3uqnSgIPsoQkx7GMLROXfMnWvxfNkL0oh8HVhZA4hvJoEoEIqonfJ3BWg=="],

    "postcss-value-parser": ["postcss-value-parser@4.2.0", "", {}, "sha512-1NNCs6uurfkVbeXG4S8JFT9t19m45ICnif8zWLd5oPSZ50QnwMfK+H3jv408d4jw/7Bttv5axS5IiHoLaVNHeQ=="],

    "react": ["react@19.2.5", "", {}, "sha512-llUJLzz1zTUBrskt2pwZgLq59AemifIftw4aB7JxOqf1HY2FDaGDxgwpAPVzHU1kdWabH7FauP4i1oEeer2WCA=="],

    "react-dom": ["react-dom@19.2.5", "", { "dependencies": { "scheduler": "^0.27.0" }, "peerDependencies": { "react": "^19.2.5" } }, "sha512-J5bAZz+DXMMwW/wV3xzKke59Af6CHY7G4uYLN1OvBcKEsWOs4pQExj86BBKamxl/Ik5bx9whOrvBlSDfWzgSag=="],

    "satori": ["satori@0.12.2", "", { "dependencies": { "@shuding/opentype.js": "1.4.0-beta.0", "css-background-parser": "^0.1.0", "css-box-shadow": "1.0.0-3", "css-gradient-parser": "^0.0.16", "css-to-react-native": "^3.0.0", "emoji-regex": "^10.2.1", "escape-html": "^1.0.3", "linebreak": "^1.1.0", "parse-css-color": "^0.2.1", "postcss-value-parser": "^4.2.0", "yoga-wasm-web": "^0.3.3" } }, "sha512-3C/laIeE6UUe9A+iQ0A48ywPVCCMKCNSTU5Os101Vhgsjd3AAxGNjyq0uAA8kulMPK5n0csn8JlxPN9riXEjLA=="],

    "scheduler": ["scheduler@0.27.0", "", {}, "sha512-eNv+WrVbKu1f3vbYJT/xtiF5syA5HPIMtf9IgY/nKg0sWqzAUEvqY/xm7OcZc/qafLx/iO9FgOmeSAp4v5ti/Q=="],

    "string.prototype.codepointat": ["string.prototype.codepointat@0.2.1", "", {}, "sha512-2cBVCj6I4IOvEnjgO/hWqXjqBGsY+zwPmHl12Srk9IXSZ56Jwwmy+66XO5Iut/oQVR7t5ihYdLB0GMa4alEUcg=="],

    "tiny-inflate": ["tiny-inflate@1.0.3", "", {}, "sha512-pkY1fj1cKHb2seWDy0B16HeWyczlJA9/WW3u3c4z/NiWDsO3DOU5D7nhTLE9CF0yXv/QZFY7sEJmj24dK+Rrqw=="],

    "unicode-trie": ["unicode-trie@2.0.0", "", { "dependencies": { "pako": "^0.2.5", "tiny-inflate": "^1.0.0" } }, "sha512-x7bc76x0bm4prf1VLg79uhAzKw8DVboClSN5VxJuQ+LKDOVEW9CdH+VY7SP+vX7xCYQqzzgQpFqz15zeLvAtZQ=="],

    "use-sync-external-store": ["use-sync-external-store@1.4.0", "", { "peerDependencies": { "react": "^16.8.0 || ^17.0.0 || ^18.0.0 || ^19.0.0" } }, "sha512-9WXSPC5fMv61vaupRkCKCxsPxBocVnwakBEkMIHHpkTTg6icbJtg6jzgtLDm4bl3cSHAca52rYWih0k4K3PfHw=="],

    "viem": ["viem@2.48.1", "", { "dependencies": { "@noble/curves": "1.9.1", "@noble/hashes": "1.8.0", "@scure/bip32": "1.7.0", "@scure/bip39": "1.6.0", "abitype": "1.2.3", "isows": "1.0.7", "ox": "0.14.17", "ws": "8.18.3" }, "peerDependencies": { "typescript": ">=5.0.4" }, "optionalPeers": ["typescript"] }, "sha512-GJC3gKV1Hngeo1IB9YanJKHH2pcmoqDymyPxddmzDtG8boXA7eFw8qdnn1PSaToJ93f3LpOZPlLLJ9beAF/Lzg=="],

    "wagmi": ["wagmi@3.6.2", "", { "dependencies": { "@wagmi/connectors": "8.0.2", "@wagmi/core": "3.4.3", "use-sync-external-store": "1.4.0" }, "peerDependencies": { "@tanstack/react-query": ">=5.0.0", "react": ">=18", "typescript": ">=5.7.3", "viem": "2.x" }, "optionalPeers": ["typescript"] }, "sha512-O7+MyRGlSgvHHCw85SjP2v3a2WIFaYUkesZPq2MqYocMLyxT2oX1EBB/LgqkxfaEPd1Xn9GgkJN4Zq56xQCDIQ=="],

    "ws": ["ws@8.18.3", "", { "peerDependencies": { "bufferutil": "^4.0.1", "utf-8-validate": ">=5.0.2" }, "optionalPeers": ["bufferutil", "utf-8-validate"] }, "sha512-PEIGCY5tSlUt50cqyMXfCzX+oOPqN0vuGqWzbcJ2xvnkzkq46oOpz7dQaTDBdfICb4N14+GARUDw2XV2N4tvzg=="],

    "yoga-wasm-web": ["yoga-wasm-web@0.3.3", "", {}, "sha512-N+d4UJSJbt/R3wqY7Coqs5pcV0aUj2j9IaQ3rNj9bVCLld8tTGKRa2USARjnvZJWVx1NDmQev8EknoczaOQDOA=="],

    "zustand": ["zustand@5.0.0", "", { "peerDependencies": { "@types/react": ">=18.0.0", "immer": ">=9.0.6", "react": ">=18.0.0", "use-sync-external-store": ">=1.2.0" }, "optionalPeers": ["@types/react", "immer", "react", "use-sync-external-store"] }, "sha512-LE+VcmbartOPM+auOjCCLQOsQ05zUTp8RkgwRzefUk+2jISdMMFnxvyTjA4YNWr5ZGXYbVsEMZosttuxUBkojQ=="],
  }
}
